
Microsoft Visual Studio Solution File, Format Version 12.00
# Visual Studio 15
VisualStudioVersion = 15.0.28307.329
MinimumVisualStudioVersion = 10.0.40219.1
Project("{FAE04EC0-301F-11D3-BF4B-00C04F79EFBC}") = "App.Entities_Base", "App.Entities_Base\App.Entities_Base.csproj", "{BA7E2B85-F001-4AB6-9608-4B86C0CE247C}"
EndProject
Project("{FAE04EC0-301F-11D3-BF4B-00C04F79EFBC}") = "App.Data.DataAccess", "App.Data.DataAccess\App.Data.DataAccess.csproj", "{6DF13861-92AD-48F9-BD3E-B624BA8DE10A}"
EndProject
Project("{FAE04EC0-301F-11D3-BF4B-00C04F79EFBC}") = "App.Data.DataAccessTest", "App.Data.DataAccessTest\App.Data.DataAccessTest.csproj", "{D5CB4237-F396-46D7-BD50-D00A92678967}"
EndProject
Global
	GlobalSection(SolutionConfigurationPlatforms) = preSolution
		Debug|Any CPU = Debug|Any CPU
		Release|Any CPU = Release|Any CPU
	EndGlobalSection
	GlobalSection(ProjectConfigurationPlatforms) = postSolution
		{BA7E2B85-F001-4AB6-9608-4B86C0CE247C}.Debug|Any CPU.ActiveCfg = Debug|Any CPU
		{BA7E2B85-F001-4AB6-9608-4B86C0CE247C}.Debug|Any CPU.Build.0 = Debug|Any CPU
		{BA7E2B85-F001-4AB6-9608-4B86C0CE247C}.Release|Any CPU.ActiveCfg = Release|Any CPU
		{BA7E2B85-F001-4AB6-9608-4B86C0CE247C}.Release|Any CPU.Build.0 = Release|Any CPU
		{6DF13861-92AD-48F9-BD3E-B624BA8DE10A}.Debug|Any CPU.ActiveCfg = Debug|Any CPU
		{6DF13861-92AD-48F9-BD3E-B624BA8DE10A}.Debug|Any CPU.Build.0 = Debug|Any CPU
		{6DF13861-92AD-48F9-BD3E-B624BA8DE10A}.Release|Any CPU.ActiveCfg = Release|Any CPU
		{6DF13861-92AD-48F9-BD3E-B624BA8DE10A}.Release|Any CPU.Build.0 = Release|Any CPU
		{D5CB4237-F396-46D7-BD50-D00A92678967}.Debug|Any CPU.ActiveCfg = Debug|Any CPU
		{D5CB4237-F396-46D7-BD50-D00A92678967}.Debug|Any CPU.Build.0 = Debug|Any CPU
		{D5CB4237-F396-46D7-BD50-D00A92678967}.Release|Any CPU.ActiveCfg = Release|Any CPU
		{D5CB4237-F396-46D7-BD50-D00A92678967}.Release|Any CPU.Build.0 = Release|Any CPU
	EndGlobalSection
	GlobalSection(SolutionProperties) = preSolution
		HideSolutionNode = FALSE
	EndGlobalSection
	GlobalSection(ExtensibilityGlobals) = postSolution
		SolutionGuid = {C8E85BD8-0066-4F22-9248-182FB1091D28}
	EndGlobalSection
EndGlobal
